
Microsoft Visual Studio Solution File, Format Version 12.00
# Visual Studio 15
Project("{FAE04EC0-301F-11D3-BF4B-00C04F79EFBC}") = "Assembly-CSharp", "Assembly-CSharp.csproj", "{1538495C-D5E7-E47B-566E-231A20C81BDF}"
EndProject
Project("{FAE04EC0-301F-11D3-BF4B-00C04F79EFBC}") = "Assembly-CSharp-firstpass", "Assembly-CSharp-firstpass.csproj", "{EA8C0E3C-1789-7191-C2B5-B311924ADE54}"
EndProject
Project("{FAE04EC0-301F-11D3-BF4B-00C04F79EFBC}") = "Assembly-CSharp-Editor", "Assembly-CSharp-Editor.csproj", "{834DCAF7-9073-EF25-DED8-16B471B76133}"
EndProject
Global
	GlobalSection(SolutionConfigurationPlatforms) = preSolution
		Debug|Any CPU = Debug|Any CPU
		Release|Any CPU = Release|Any CPU
	EndGlobalSection
	GlobalSection(ProjectConfigurationPlatforms) = postSolution
		{1538495C-D5E7-E47B-566E-231A20C81BDF}.Debug|Any CPU.ActiveCfg = Debug|Any CPU
		{1538495C-D5E7-E47B-566E-231A20C81BDF}.Debug|Any CPU.Build.0 = Debug|Any CPU
		{1538495C-D5E7-E47B-566E-231A20C81BDF}.Release|Any CPU.ActiveCfg = Release|Any CPU
		{1538495C-D5E7-E47B-566E-231A20C81BDF}.Release|Any CPU.Build.0 = Release|Any CPU
		{EA8C0E3C-1789-7191-C2B5-B311924ADE54}.Debug|Any CPU.ActiveCfg = Debug|Any CPU
		{EA8C0E3C-1789-7191-C2B5-B311924ADE54}.Debug|Any CPU.Build.0 = Debug|Any CPU
		{EA8C0E3C-1789-7191-C2B5-B311924ADE54}.Release|Any CPU.ActiveCfg = Release|Any CPU
		{EA8C0E3C-1789-7191-C2B5-B311924ADE54}.Release|Any CPU.Build.0 = Release|Any CPU
		{834DCAF7-9073-EF25-DED8-16B471B76133}.Debug|Any CPU.ActiveCfg = Debug|Any CPU
		{834DCAF7-9073-EF25-DED8-16B471B76133}.Debug|Any CPU.Build.0 = Debug|Any CPU
		{834DCAF7-9073-EF25-DED8-16B471B76133}.Release|Any CPU.ActiveCfg = Release|Any CPU
		{834DCAF7-9073-EF25-DED8-16B471B76133}.Release|Any CPU.Build.0 = Release|Any CPU
	EndGlobalSection
	GlobalSection(SolutionProperties) = preSolution
		HideSolutionNode = FALSE
	EndGlobalSection
EndGlobal
